
Microsoft Visual Studio Solution File, Format Version 12.00
# Visual Studio Version 16
VisualStudioVersion = 16.0.29609.76
MinimumVisualStudioVersion = 10.0.40219.1
Project("{9A19103F-16F7-4668-BE54-9A1E7A4F7556}") = "DigitalDemo", "DigitalDemo\DigitalDemo.csproj", "{DDDE7FB4-772F-47A7-A790-D36F2DCBDFC6}"
EndProject
Project("{9A19103F-16F7-4668-BE54-9A1E7A4F7556}") = "DigitalNumericUpdown", "DigitalNumericUpdown\DigitalNumericUpdown.csproj", "{EDE53AD2-BB26-44B5-8FAA-61B41B99ED7B}"
EndProject
Global
	GlobalSection(SolutionConfigurationPlatforms) = preSolution
		Debug|Any CPU = Debug|Any CPU
		Release|Any CPU = Release|Any CPU
	EndGlobalSection
	GlobalSection(ProjectConfigurationPlatforms) = postSolution
		{DDDE7FB4-772F-47A7-A790-D36F2DCBDFC6}.Debug|Any CPU.ActiveCfg = Debug|Any CPU
		{DDDE7FB4-772F-47A7-A790-D36F2DCBDFC6}.Debug|Any CPU.Build.0 = Debug|Any CPU
		{DDDE7FB4-772F-47A7-A790-D36F2DCBDFC6}.Release|Any CPU.ActiveCfg = Release|Any CPU
		{DDDE7FB4-772F-47A7-A790-D36F2DCBDFC6}.Release|Any CPU.Build.0 = Release|Any CPU
		{EDE53AD2-BB26-44B5-8FAA-61B41B99ED7B}.Debug|Any CPU.ActiveCfg = Debug|Any CPU
		{EDE53AD2-BB26-44B5-8FAA-61B41B99ED7B}.Debug|Any CPU.Build.0 = Debug|Any CPU
		{EDE53AD2-BB26-44B5-8FAA-61B41B99ED7B}.Release|Any CPU.ActiveCfg = Release|Any CPU
		{EDE53AD2-BB26-44B5-8FAA-61B41B99ED7B}.Release|Any CPU.Build.0 = Release|Any CPU
	EndGlobalSection
	GlobalSection(SolutionProperties) = preSolution
		HideSolutionNode = FALSE
	EndGlobalSection
	GlobalSection(ExtensibilityGlobals) = postSolution
		SolutionGuid = {F070CD0F-693C-4BE2-A5AF-5C915528F237}
	EndGlobalSection
EndGlobal
